
Microsoft Visual Studio Solution File, Format Version 12.00
# Visual Studio 15
Project("{FAE04EC0-301F-11D3-BF4B-00C04F79EFBC}") = "Assembly-CSharp", "Assembly-CSharp.csproj", "{391E4AF9-BF64-13BD-4BB1-6E3C71597DED}"
EndProject
Global
	GlobalSection(SolutionConfigurationPlatforms) = preSolution
		Debug|Any CPU = Debug|Any CPU
		Release|Any CPU = Release|Any CPU
	EndGlobalSection
	GlobalSection(ProjectConfigurationPlatforms) = postSolution
		{391E4AF9-BF64-13BD-4BB1-6E3C71597DED}.Debug|Any CPU.ActiveCfg = Debug|Any CPU
		{391E4AF9-BF64-13BD-4BB1-6E3C71597DED}.Debug|Any CPU.Build.0 = Debug|Any CPU
		{391E4AF9-BF64-13BD-4BB1-6E3C71597DED}.Release|Any CPU.ActiveCfg = Release|Any CPU
		{391E4AF9-BF64-13BD-4BB1-6E3C71597DED}.Release|Any CPU.Build.0 = Release|Any CPU
	EndGlobalSection
	GlobalSection(SolutionProperties) = preSolution
		HideSolutionNode = FALSE
	EndGlobalSection
EndGlobal
